
Microsoft Visual Studio Solution File, Format Version 12.00
# Visual Studio Version 16
VisualStudioVersion = 16.0.30611.23
MinimumVisualStudioVersion = 10.0.40219.1
Project("{FAE04EC0-301F-11D3-BF4B-00C04F79EFBC}") = "ConsoleApp1", "ConsoleApp1.csproj", "{76A09777-CA6B-4C1C-AC9A-DC4E4533C653}"
EndProject
Global
	GlobalSection(SolutionConfigurationPlatforms) = preSolution
		Debug|Any CPU = Debug|Any CPU
		Release|Any CPU = Release|Any CPU
	EndGlobalSection
	GlobalSection(ProjectConfigurationPlatforms) = postSolution
		{76A09777-CA6B-4C1C-AC9A-DC4E4533C653}.Debug|Any CPU.ActiveCfg = Debug|Any CPU
		{76A09777-CA6B-4C1C-AC9A-DC4E4533C653}.Debug|Any CPU.Build.0 = Debug|Any CPU
		{76A09777-CA6B-4C1C-AC9A-DC4E4533C653}.Release|Any CPU.ActiveCfg = Release|Any CPU
		{76A09777-CA6B-4C1C-AC9A-DC4E4533C653}.Release|Any CPU.Build.0 = Release|Any CPU
	EndGlobalSection
	GlobalSection(SolutionProperties) = preSolution
		HideSolutionNode = FALSE
	EndGlobalSection
	GlobalSection(ExtensibilityGlobals) = postSolution
		SolutionGuid = {6B0C37A2-F55D-4F44-A4BB-EE6D9FD5176F}
	EndGlobalSection
EndGlobal
